// !$*UTF8*$!
{
	archiveVersion = 1;
	classes = {
	};
	objectVersion = 56;
	objects = {

/* Begin PBXBuildFile section */
		8036D584291FF851003B9666 /* AppDelegate.swift in Sources */ = {isa = PBXBuildFile; fileRef = 8036D583291FF851003B9666 /* AppDelegate.swift */; };
		8036D586291FF851003B9666 /* SceneDelegate.swift in Sources */ = {isa = PBXBuildFile; fileRef = 8036D585291FF851003B9666 /* SceneDelegate.swift */; };
		8036D58B291FF851003B9666 /* Main.storyboard in Resources */ = {isa = PBXBuildFile; fileRef = 8036D589291FF851003B9666 /* Main.storyboard */; };
		8036D58D291FF852003B9666 /* Assets.xcassets in Resources */ = {isa = PBXBuildFile; fileRef = 8036D58C291FF852003B9666 /* Assets.xcassets */; };
		8036D590291FF852003B9666 /* LaunchScreen.storyboard in Resources */ = {isa = PBXBuildFile; fileRef = 8036D58E291FF852003B9666 /* LaunchScreen.storyboard */; };
		8036D59B291FF853003B9666 /* BengaliDatingTests.swift in Sources */ = {isa = PBXBuildFile; fileRef = 8036D59A291FF853003B9666 /* BengaliDatingTests.swift */; };
		8036D5A5291FF853003B9666 /* BengaliDatingUITests.swift in Sources */ = {isa = PBXBuildFile; fileRef = 8036D5A4291FF853003B9666 /* BengaliDatingUITests.swift */; };
		8036D5A7291FF853003B9666 /* BengaliDatingUITestsLaunchTests.swift in Sources */ = {isa = PBXBuildFile; fileRef = 8036D5A6291FF853003B9666 /* BengaliDatingUITestsLaunchTests.swift */; };
		8036D5C2291FF9AF003B9666 /* HomeController.swift in Sources */ = {isa = PBXBuildFile; fileRef = 8036D5C1291FF9AF003B9666 /* HomeController.swift */; };
		8036D5C4291FFAE4003B9666 /* Extension.swift in Sources */ = {isa = PBXBuildFile; fileRef = 8036D5C3291FFAE4003B9666 /* Extension.swift */; };
		8036D5C6291FFB59003B9666 /* HomeNavigationStackView.swift in Sources */ = {isa = PBXBuildFile; fileRef = 8036D5C5291FFB59003B9666 /* HomeNavigationStackView.swift */; };
		8036D5C92920013F003B9666 /* BottomControlsStackView.swift in Sources */ = {isa = PBXBuildFile; fileRef = 8036D5C82920013F003B9666 /* BottomControlsStackView.swift */; };
		8036D5CB29200611003B9666 /* CardView.swift in Sources */ = {isa = PBXBuildFile; fileRef = 8036D5CA29200611003B9666 /* CardView.swift */; };
		8036D5CD29219672003B9666 /* User.swift in Sources */ = {isa = PBXBuildFile; fileRef = 8036D5CC29219672003B9666 /* User.swift */; };
		8036D5CF292197E6003B9666 /* CardViewModel.swift in Sources */ = {isa = PBXBuildFile; fileRef = 8036D5CE292197E6003B9666 /* CardViewModel.swift */; };
		8036D5D229227B53003B9666 /* LoginController.swift in Sources */ = {isa = PBXBuildFile; fileRef = 8036D5D129227B53003B9666 /* LoginController.swift */; };
		8036D5D429227B5F003B9666 /* RegistrationController.swift in Sources */ = {isa = PBXBuildFile; fileRef = 8036D5D329227B5F003B9666 /* RegistrationController.swift */; };
		8036D5D629246BB7003B9666 /* CustomTextField.swift in Sources */ = {isa = PBXBuildFile; fileRef = 8036D5D529246BB7003B9666 /* CustomTextField.swift */; };
		8036D5D829246E30003B9666 /* AuthButton.swift in Sources */ = {isa = PBXBuildFile; fileRef = 8036D5D729246E30003B9666 /* AuthButton.swift */; };
/* End PBXBuildFile section */

/* Begin PBXContainerItemProxy section */
		8036D597291FF853003B9666 /* PBXContainerItemProxy */ = {
			isa = PBXContainerItemProxy;
			containerPortal = 8036D578291FF851003B9666 /* Project object */;
			proxyType = 1;
			remoteGlobalIDString = 8036D57F291FF851003B9666;
			remoteInfo = BengaliDating;
		};
		8036D5A1291FF853003B9666 /* PBXContainerItemProxy */ = {
			isa = PBXContainerItemProxy;
			containerPortal = 8036D578291FF851003B9666 /* Project object */;
			proxyType = 1;
			remoteGlobalIDString = 8036D57F291FF851003B9666;
			remoteInfo = BengaliDating;
		};
/* End PBXContainerItemProxy section */

/* Begin PBXFileReference section */
		8036D580291FF851003B9666 /* BengaliDating.app */ = {isa = PBXFileReference; explicitFileType = wrapper.application; includeInIndex = 0; path = BengaliDating.app; sourceTree = BUILT_PRODUCTS_DIR; };
		8036D583291FF851003B9666 /* AppDelegate.swift */ = {isa = PBXFileReference; lastKnownFileType = sourcecode.swift; path = AppDelegate.swift; sourceTree = "<group>"; };
		8036D585291FF851003B9666 /* SceneDelegate.swift */ = {isa = PBXFileReference; lastKnownFileType = sourcecode.swift; path = SceneDelegate.swift; sourceTree = "<group>"; };
		8036D58A291FF851003B9666 /* Base */ = {isa = PBXFileReference; lastKnownFileType = file.storyboard; name = Base; path = Base.lproj/Main.storyboard; sourceTree = "<group>"; };
		8036D58C291FF852003B9666 /* Assets.xcassets */ = {isa = PBXFileReference; lastKnownFileType = folder.assetcatalog; path = Assets.xcassets; sourceTree = "<group>"; };
		8036D58F291FF852003B9666 /* Base */ = {isa = PBXFileReference; lastKnownFileType = file.storyboard; name = Base; path = Base.lproj/LaunchScreen.storyboard; sourceTree = "<group>"; };
		8036D591291FF852003B9666 /* Info.plist */ = {isa = PBXFileReference; lastKnownFileType = text.plist.xml; path = Info.plist; sourceTree = "<group>"; };
		8036D596291FF853003B9666 /* BengaliDatingTests.xctest */ = {isa = PBXFileReference; explicitFileType = wrapper.cfbundle; includeInIndex = 0; path = BengaliDatingTests.xctest; sourceTree = BUILT_PRODUCTS_DIR; };
		8036D59A291FF853003B9666 /* BengaliDatingTests.swift */ = {isa = PBXFileReference; lastKnownFileType = sourcecode.swift; path = BengaliDatingTests.swift; sourceTree = "<group>"; };
		8036D5A0291FF853003B9666 /* BengaliDatingUITests.xctest */ = {isa = PBXFileReference; explicitFileType = wrapper.cfbundle; includeInIndex = 0; path = BengaliDatingUITests.xctest; sourceTree = BUILT_PRODUCTS_DIR; };
		8036D5A4291FF853003B9666 /* BengaliDatingUITests.swift */ = {isa = PBXFileReference; lastKnownFileType = sourcecode.swift; path = BengaliDatingUITests.swift; sourceTree = "<group>"; };
		8036D5A6291FF853003B9666 /* BengaliDatingUITestsLaunchTests.swift */ = {isa = PBXFileReference; lastKnownFileType = sourcecode.swift; path = BengaliDatingUITestsLaunchTests.swift; sourceTree = "<group>"; };
		8036D5C1291FF9AF003B9666 /* HomeController.swift */ = {isa = PBXFileReference; lastKnownFileType = sourcecode.swift; path = HomeController.swift; sourceTree = "<group>"; };
		8036D5C3291FFAE4003B9666 /* Extension.swift */ = {isa = PBXFileReference; fileEncoding = 4; lastKnownFileType = sourcecode.swift; name = Extension.swift; path = ../../../../BengaliDating/BengaliDating/Utils/Extension.swift; sourceTree = "<group>"; };
		8036D5C5291FFB59003B9666 /* HomeNavigationStackView.swift */ = {isa = PBXFileReference; lastKnownFileType = sourcecode.swift; path = HomeNavigationStackView.swift; sourceTree = "<group>"; };
		8036D5C82920013F003B9666 /* BottomControlsStackView.swift */ = {isa = PBXFileReference; lastKnownFileType = sourcecode.swift; path = BottomControlsStackView.swift; sourceTree = "<group>"; };
		8036D5CA29200611003B9666 /* CardView.swift */ = {isa = PBXFileReference; lastKnownFileType = sourcecode.swift; path = CardView.swift; sourceTree = "<group>"; };
		8036D5CC29219672003B9666 /* User.swift */ = {isa = PBXFileReference; lastKnownFileType = sourcecode.swift; path = User.swift; sourceTree = "<group>"; };
		8036D5CE292197E6003B9666 /* CardViewModel.swift */ = {isa = PBXFileReference; lastKnownFileType = sourcecode.swift; path = CardViewModel.swift; sourceTree = "<group>"; };
		8036D5D129227B53003B9666 /* LoginController.swift */ = {isa = PBXFileReference; lastKnownFileType = sourcecode.swift; path = LoginController.swift; sourceTree = "<group>"; };
		8036D5D329227B5F003B9666 /* RegistrationController.swift */ = {isa = PBXFileReference; lastKnownFileType = sourcecode.swift; path = RegistrationController.swift; sourceTree = "<group>"; };
		8036D5D529246BB7003B9666 /* CustomTextField.swift */ = {isa = PBXFileReference; lastKnownFileType = sourcecode.swift; path = CustomTextField.swift; sourceTree = "<group>"; };
		8036D5D729246E30003B9666 /* AuthButton.swift */ = {isa = PBXFileReference; lastKnownFileType = sourcecode.swift; path = AuthButton.swift; sourceTree = "<group>"; };
/* End PBXFileReference section */

/* Begin PBXFrameworksBuildPhase section */
		8036D57D291FF851003B9666 /* Frameworks */ = {
			isa = PBXFrameworksBuildPhase;
			buildActionMask = 2147483647;
			files = (
			);
			runOnlyForDeploymentPostprocessing = 0;
		};
		8036D593291FF853003B9666 /* Frameworks */ = {
			isa = PBXFrameworksBuildPhase;
			buildActionMask = 2147483647;
			files = (
			);
			runOnlyForDeploymentPostprocessing = 0;
		};
		8036D59D291FF853003B9666 /* Frameworks */ = {
			isa = PBXFrameworksBuildPhase;
			buildActionMask = 2147483647;
			files = (
			);
			runOnlyForDeploymentPostprocessing = 0;
		};
/* End PBXFrameworksBuildPhase section */

/* Begin PBXGroup section */
		8036D577291FF851003B9666 = {
			isa = PBXGroup;
			children = (
				8036D582291FF851003B9666 /* BengaliDating */,
				8036D599291FF853003B9666 /* BengaliDatingTests */,
				8036D5A3291FF853003B9666 /* BengaliDatingUITests */,
				8036D581291FF851003B9666 /* Products */,
			);
			sourceTree = "<group>";
		};
		8036D581291FF851003B9666 /* Products */ = {
			isa = PBXGroup;
			children = (
				8036D580291FF851003B9666 /* BengaliDating.app */,
				8036D596291FF853003B9666 /* BengaliDatingTests.xctest */,
				8036D5A0291FF853003B9666 /* BengaliDatingUITests.xctest */,
			);
			name = Products;
			sourceTree = "<group>";
		};
		8036D582291FF851003B9666 /* BengaliDating */ = {
			isa = PBXGroup;
			children = (
				8036D5BB291FF93E003B9666 /* Model */,
				8036D5BC291FF942003B9666 /* View */,
				8036D5BD291FF948003B9666 /* ViewModel */,
				8036D5BE291FF94D003B9666 /* Controller */,
				8036D5C0291FF956003B9666 /* Utils */,
				8036D5BF291FF952003B9666 /* API */,
				8036D583291FF851003B9666 /* AppDelegate.swift */,
				8036D585291FF851003B9666 /* SceneDelegate.swift */,
				8036D589291FF851003B9666 /* Main.storyboard */,
				8036D58C291FF852003B9666 /* Assets.xcassets */,
				8036D58E291FF852003B9666 /* LaunchScreen.storyboard */,
				8036D591291FF852003B9666 /* Info.plist */,
			);
			path = BengaliDating;
			sourceTree = "<group>";
		};
		8036D599291FF853003B9666 /* BengaliDatingTests */ = {
			isa = PBXGroup;
			children = (
				8036D59A291FF853003B9666 /* BengaliDatingTests.swift */,
			);
			path = BengaliDatingTests;
			sourceTree = "<group>";
		};
		8036D5A3291FF853003B9666 /* BengaliDatingUITests */ = {
			isa = PBXGroup;
			children = (
				8036D5A4291FF853003B9666 /* BengaliDatingUITests.swift */,
				8036D5A6291FF853003B9666 /* BengaliDatingUITestsLaunchTests.swift */,
			);
			path = BengaliDatingUITests;
			sourceTree = "<group>";
		};
		8036D5BB291FF93E003B9666 /* Model */ = {
			isa = PBXGroup;
			children = (
				8036D5CC29219672003B9666 /* User.swift */,
			);
			path = Model;
			sourceTree = "<group>";
		};
		8036D5BC291FF942003B9666 /* View */ = {
			isa = PBXGroup;
			children = (
				8036D5C5291FFB59003B9666 /* HomeNavigationStackView.swift */,
				8036D5C82920013F003B9666 /* BottomControlsStackView.swift */,
				8036D5CA29200611003B9666 /* CardView.swift */,
			);
			path = View;
			sourceTree = "<group>";
		};
		8036D5BD291FF948003B9666 /* ViewModel */ = {
			isa = PBXGroup;
			children = (
				8036D5CE292197E6003B9666 /* CardViewModel.swift */,
			);
			path = ViewModel;
			sourceTree = "<group>";
		};
		8036D5BE291FF94D003B9666 /* Controller */ = {
			isa = PBXGroup;
			children = (
				8036D5D029227B49003B9666 /* Authentication */,
				8036D5C1291FF9AF003B9666 /* HomeController.swift */,
			);
			path = Controller;
			sourceTree = "<group>";
		};
		8036D5BF291FF952003B9666 /* API */ = {
			isa = PBXGroup;
			children = (
			);
			path = API;
			sourceTree = "<group>";
		};
		8036D5C0291FF956003B9666 /* Utils */ = {
			isa = PBXGroup;
			children = (
				8036D5C3291FFAE4003B9666 /* Extension.swift */,
				8036D5D529246BB7003B9666 /* CustomTextField.swift */,
				8036D5D729246E30003B9666 /* AuthButton.swift */,
			);
			path = Utils;
			sourceTree = "<group>";
		};
		8036D5D029227B49003B9666 /* Authentication */ = {
			isa = PBXGroup;
			children = (
				8036D5D129227B53003B9666 /* LoginController.swift */,
				8036D5D329227B5F003B9666 /* RegistrationController.swift */,
			);
			path = Authentication;
			sourceTree = "<group>";
		};
/* End PBXGroup section */

/* Begin PBXNativeTarget section */
		8036D57F291FF851003B9666 /* BengaliDating */ = {
			isa = PBXNativeTarget;
			buildConfigurationList = 8036D5AA291FF853003B9666 /* Build configuration list for PBXNativeTarget "BengaliDating" */;
			buildPhases = (
				8036D57C291FF851003B9666 /* Sources */,
				8036D57D291FF851003B9666 /* Frameworks */,
				8036D57E291FF851003B9666 /* Resources */,
			);
			buildRules = (
			);
			dependencies = (
			);
			name = BengaliDating;
			productName = BengaliDating;
			productReference = 8036D580291FF851003B9666 /* BengaliDating.app */;
			productType = "com.apple.product-type.application";
		};
		8036D595291FF853003B9666 /* BengaliDatingTests */ = {
			isa = PBXNativeTarget;
			buildConfigurationList = 8036D5AD291FF853003B9666 /* Build configuration list for PBXNativeTarget "BengaliDatingTests" */;
			buildPhases = (
				8036D592291FF853003B9666 /* Sources */,
				8036D593291FF853003B9666 /* Frameworks */,
				8036D594291FF853003B9666 /* Resources */,
			);
			buildRules = (
			);
			dependencies = (
				8036D598291FF853003B9666 /* PBXTargetDependency */,
			);
			name = BengaliDatingTests;
			productName = BengaliDatingTests;
			productReference = 8036D596291FF853003B9666 /* BengaliDatingTests.xctest */;
			productType = "com.apple.product-type.bundle.unit-test";
		};
		8036D59F291FF853003B9666 /* BengaliDatingUITests */ = {
			isa = PBXNativeTarget;
			buildConfigurationList = 8036D5B0291FF853003B9666 /* Build configuration list for PBXNativeTarget "BengaliDatingUITests" */;
			buildPhases = (
				8036D59C291FF853003B9666 /* Sources */,
				8036D59D291FF853003B9666 /* Frameworks */,
				8036D59E291FF853003B9666 /* Resources */,
			);
			buildRules = (
			);
			dependencies = (
				8036D5A2291FF853003B9666 /* PBXTargetDependency */,
			);
			name = BengaliDatingUITests;
			productName = BengaliDatingUITests;
			productReference = 8036D5A0291FF853003B9666 /* BengaliDatingUITests.xctest */;
			productType = "com.apple.product-type.bundle.ui-testing";
		};
/* End PBXNativeTarget section */

/* Begin PBXProject section */
		8036D578291FF851003B9666 /* Project object */ = {
			isa = PBXProject;
			attributes = {
				BuildIndependentTargetsInParallel = 1;
				LastSwiftUpdateCheck = 1410;
				LastUpgradeCheck = 1410;
				TargetAttributes = {
					8036D57F291FF851003B9666 = {
						CreatedOnToolsVersion = 14.1;
					};
					8036D595291FF853003B9666 = {
						CreatedOnToolsVersion = 14.1;
						TestTargetID = 8036D57F291FF851003B9666;
					};
					8036D59F291FF853003B9666 = {
						CreatedOnToolsVersion = 14.1;
						TestTargetID = 8036D57F291FF851003B9666;
					};
				};
			};
			buildConfigurationList = 8036D57B291FF851003B9666 /* Build configuration list for PBXProject "BengaliDating" */;
			compatibilityVersion = "Xcode 14.0";
			developmentRegion = en;
			hasScannedForEncodings = 0;
			knownRegions = (
				en,
				Base,
			);
			mainGroup = 8036D577291FF851003B9666;
			productRefGroup = 8036D581291FF851003B9666 /* Products */;
			projectDirPath = "";
			projectRoot = "";
			targets = (
				8036D57F291FF851003B9666 /* BengaliDating */,
				8036D595291FF853003B9666 /* BengaliDatingTests */,
				8036D59F291FF853003B9666 /* BengaliDatingUITests */,
			);
		};
/* End PBXProject section */

/* Begin PBXResourcesBuildPhase section */
		8036D57E291FF851003B9666 /* Resources */ = {
			isa = PBXResourcesBuildPhase;
			buildActionMask = 2147483647;
			files = (
				8036D590291FF852003B9666 /* LaunchScreen.storyboard in Resources */,
				8036D58D291FF852003B9666 /* Assets.xcassets in Resources */,
				8036D58B291FF851003B9666 /* Main.storyboard in Resources */,
			);
			runOnlyForDeploymentPostprocessing = 0;
		};
		8036D594291FF853003B9666 /* Resources */ = {
			isa = PBXResourcesBuildPhase;
			buildActionMask = 2147483647;
			files = (
			);
			runOnlyForDeploymentPostprocessing = 0;
		};
		8036D59E291FF853003B9666 /* Resources */ = {
			isa = PBXResourcesBuildPhase;
			buildActionMask = 2147483647;
			files = (
			);
			runOnlyForDeploymentPostprocessing = 0;
		};
/* End PBXResourcesBuildPhase section */

/* Begin PBXSourcesBuildPhase section */
		8036D57C291FF851003B9666 /* Sources */ = {
			isa = PBXSourcesBuildPhase;
			buildActionMask = 2147483647;
			files = (
				8036D5CB29200611003B9666 /* CardView.swift in Sources */,
				8036D5D829246E30003B9666 /* AuthButton.swift in Sources */,
				8036D5C92920013F003B9666 /* BottomControlsStackView.swift in Sources */,
				8036D584291FF851003B9666 /* AppDelegate.swift in Sources */,
				8036D586291FF851003B9666 /* SceneDelegate.swift in Sources */,
				8036D5CD29219672003B9666 /* User.swift in Sources */,
				8036D5C6291FFB59003B9666 /* HomeNavigationStackView.swift in Sources */,
				8036D5D429227B5F003B9666 /* RegistrationController.swift in Sources */,
				8036D5C2291FF9AF003B9666 /* HomeController.swift in Sources */,
				8036D5D629246BB7003B9666 /* CustomTextField.swift in Sources */,
				8036D5C4291FFAE4003B9666 /* Extension.swift in Sources */,
				8036D5CF292197E6003B9666 /* CardViewModel.swift in Sources */,
				8036D5D229227B53003B9666 /* LoginController.swift in Sources */,
			);
			runOnlyForDeploymentPostprocessing = 0;
		};
		8036D592291FF853003B9666 /* Sources */ = {
			isa = PBXSourcesBuildPhase;
			buildActionMask = 2147483647;
			files = (
				8036D59B291FF853003B9666 /* BengaliDatingTests.swift in Sources */,
			);
			runOnlyForDeploymentPostprocessing = 0;
		};
		8036D59C291FF853003B9666 /* Sources */ = {
			isa = PBXSourcesBuildPhase;
			buildActionMask = 2147483647;
			files = (
				8036D5A7291FF853003B9666 /* BengaliDatingUITestsLaunchTests.swift in Sources */,
				8036D5A5291FF853003B9666 /* BengaliDatingUITests.swift in Sources */,
			);
			runOnlyForDeploymentPostprocessing = 0;
		};
/* End PBXSourcesBuildPhase section */

/* Begin PBXTargetDependency section */
		8036D598291FF853003B9666 /* PBXTargetDependency */ = {
			isa = PBXTargetDependency;
			target = 8036D57F291FF851003B9666 /* BengaliDating */;
			targetProxy = 8036D597291FF853003B9666 /* PBXContainerItemProxy */;
		};
		8036D5A2291FF853003B9666 /* PBXTargetDependency */ = {
			isa = PBXTargetDependency;
			target = 8036D57F291FF851003B9666 /* BengaliDating */;
			targetProxy = 8036D5A1291FF853003B9666 /* PBXContainerItemProxy */;
		};
/* End PBXTargetDependency section */

/* Begin PBXVariantGroup section */
		8036D589291FF851003B9666 /* Main.storyboard */ = {
			isa = PBXVariantGroup;
			children = (
				8036D58A291FF851003B9666 /* Base */,
			);
			name = Main.storyboard;
			sourceTree = "<group>";
		};
		8036D58E291FF852003B9666 /* LaunchScreen.storyboard */ = {
			isa = PBXVariantGroup;
			children = (
				8036D58F291FF852003B9666 /* Base */,
			);
			name = LaunchScreen.storyboard;
			sourceTree = "<group>";
		};
/* End PBXVariantGroup section */

/* Begin XCBuildConfiguration section */
		8036D5A8291FF853003B9666 /* Debug */ = {
			isa = XCBuildConfiguration;
			buildSettings = {
				ALWAYS_SEARCH_USER_PATHS = NO;
				CLANG_ANALYZER_NONNULL = YES;
				CLANG_ANALYZER_NUMBER_OBJECT_CONVERSION = YES_AGGRESSIVE;
				CLANG_CXX_LANGUAGE_STANDARD = "gnu++20";
				CLANG_ENABLE_MODULES = YES;
				CLANG_ENABLE_OBJC_ARC = YES;
				CLANG_ENABLE_OBJC_WEAK = YES;
				CLANG_WARN_BLOCK_CAPTURE_AUTORELEASING = YES;
				CLANG_WARN_BOOL_CONVERSION = YES;
				CLANG_WARN_COMMA = YES;
				CLANG_WARN_CONSTANT_CONVERSION = YES;
				CLANG_WARN_DEPRECATED_OBJC_IMPLEMENTATIONS = YES;
				CLANG_WARN_DIRECT_OBJC_ISA_USAGE = YES_ERROR;
				CLANG_WARN_DOCUMENTATION_COMMENTS = YES;
				CLANG_WARN_EMPTY_BODY = YES;
				CLANG_WARN_ENUM_CONVERSION = YES;
				CLANG_WARN_INFINITE_RECURSION = YES;
				CLANG_WARN_INT_CONVERSION = YES;
				CLANG_WARN_NON_LITERAL_NULL_CONVERSION = YES;
				CLANG_WARN_OBJC_IMPLICIT_RETAIN_SELF = YES;
				CLANG_WARN_OBJC_LITERAL_CONVERSION = YES;
				CLANG_WARN_OBJC_ROOT_CLASS = YES_ERROR;
				CLANG_WARN_QUOTED_INCLUDE_IN_FRAMEWORK_HEADER = YES;
				CLANG_WARN_RANGE_LOOP_ANALYSIS = YES;
				CLANG_WARN_STRICT_PROTOTYPES = YES;
				CLANG_WARN_SUSPICIOUS_MOVE = YES;
				CLANG_WARN_UNGUARDED_AVAILABILITY = YES_AGGRESSIVE;
				CLANG_WARN_UNREACHABLE_CODE = YES;
				CLANG_WARN__DUPLICATE_METHOD_MATCH = YES;
				COPY_PHASE_STRIP = NO;
				DEBUG_INFORMATION_FORMAT = dwarf;
				ENABLE_STRICT_OBJC_MSGSEND = YES;
				ENABLE_TESTABILITY = YES;
				GCC_C_LANGUAGE_STANDARD = gnu11;
				GCC_DYNAMIC_NO_PIC = NO;
				GCC_NO_COMMON_BLOCKS = YES;
				GCC_OPTIMIZATION_LEVEL = 0;
				GCC_PREPROCESSOR_DEFINITIONS = (
					"DEBUG=1",
					"$(inherited)",
				);
				GCC_WARN_64_TO_32_BIT_CONVERSION = YES;
				GCC_WARN_ABOUT_RETURN_TYPE = YES_ERROR;
				GCC_WARN_UNDECLARED_SELECTOR = YES;
				GCC_WARN_UNINITIALIZED_AUTOS = YES_AGGRESSIVE;
				GCC_WARN_UNUSED_FUNCTION = YES;
				GCC_WARN_UNUSED_VARIABLE = YES;
				IPHONEOS_DEPLOYMENT_TARGET = 16.1;
				MTL_ENABLE_DEBUG_INFO = INCLUDE_SOURCE;
				MTL_FAST_MATH = YES;
				ONLY_ACTIVE_ARCH = YES;
				SDKROOT = iphoneos;
				SWIFT_ACTIVE_COMPILATION_CONDITIONS = DEBUG;
				SWIFT_OPTIMIZATION_LEVEL = "-Onone";
			};
			name = Debug;
		};
		8036D5A9291FF853003B9666 /* Release */ = {
			isa = XCBuildConfiguration;
			buildSettings = {
				ALWAYS_SEARCH_USER_PATHS = NO;
				CLANG_ANALYZER_NONNULL = YES;
				CLANG_ANALYZER_NUMBER_OBJECT_CONVERSION = YES_AGGRESSIVE;
				CLANG_CXX_LANGUAGE_STANDARD = "gnu++20";
				CLANG_ENABLE_MODULES = YES;
				CLANG_ENABLE_OBJC_ARC = YES;
				CLANG_ENABLE_OBJC_WEAK = YES;
				CLANG_WARN_BLOCK_CAPTURE_AUTORELEASING = YES;
				CLANG_WARN_BOOL_CONVERSION = YES;
				CLANG_WARN_COMMA = YES;
				CLANG_WARN_CONSTANT_CONVERSION = YES;
				CLANG_WARN_DEPRECATED_OBJC_IMPLEMENTATIONS = YES;
				CLANG_WARN_DIRECT_OBJC_ISA_USAGE = YES_ERROR;
				CLANG_WARN_DOCUMENTATION_COMMENTS = YES;
				CLANG_WARN_EMPTY_BODY = YES;
				CLANG_WARN_ENUM_CONVERSION = YES;
				CLANG_WARN_INFINITE_RECURSION = YES;
				CLANG_WARN_INT_CONVERSION = YES;
				CLANG_WARN_NON_LITERAL_NULL_CONVERSION = YES;
				CLANG_WARN_OBJC_IMPLICIT_RETAIN_SELF = YES;
				CLANG_WARN_OBJC_LITERAL_CONVERSION = YES;
				CLANG_WARN_OBJC_ROOT_CLASS = YES_ERROR;
				CLANG_WARN_QUOTED_INCLUDE_IN_FRAMEWORK_HEADER = YES;
				CLANG_WARN_RANGE_LOOP_ANALYSIS = YES;
				CLANG_WARN_STRICT_PROTOTYPES = YES;
				CLANG_WARN_SUSPICIOUS_MOVE = YES;
				CLANG_WARN_UNGUARDED_AVAILABILITY = YES_AGGRESSIVE;
				CLANG_WARN_UNREACHABLE_CODE = YES;
				CLANG_WARN__DUPLICATE_METHOD_MATCH = YES;
				COPY_PHASE_STRIP = NO;
				DEBUG_INFORMATION_FORMAT = "dwarf-with-dsym";
				ENABLE_NS_ASSERTIONS = NO;
				ENABLE_STRICT_OBJC_MSGSEND = YES;
				GCC_C_LANGUAGE_STANDARD = gnu11;
				GCC_NO_COMMON_BLOCKS = YES;
				GCC_WARN_64_TO_32_BIT_CONVERSION = YES;
				GCC_WARN_ABOUT_RETURN_TYPE = YES_ERROR;
				GCC_WARN_UNDECLARED_SELECTOR = YES;
				GCC_WARN_UNINITIALIZED_AUTOS = YES_AGGRESSIVE;
				GCC_WARN_UNUSED_FUNCTION = YES;
				GCC_WARN_UNUSED_VARIABLE = YES;
				IPHONEOS_DEPLOYMENT_TARGET = 16.1;
				MTL_ENABLE_DEBUG_INFO = NO;
				MTL_FAST_MATH = YES;
				SDKROOT = iphoneos;
				SWIFT_COMPILATION_MODE = wholemodule;
				SWIFT_OPTIMIZATION_LEVEL = "-O";
				VALIDATE_PRODUCT = YES;
			};
			name = Release;
		};
		8036D5AB291FF853003B9666 /* Debug */ = {
			isa = XCBuildConfiguration;
			buildSettings = {
				ASSETCATALOG_COMPILER_APPICON_NAME = AppIcon;
				ASSETCATALOG_COMPILER_GLOBAL_ACCENT_COLOR_NAME = AccentColor;
				CODE_SIGN_STYLE = Automatic;
				CURRENT_PROJECT_VERSION = 1;
				DEVELOPMENT_TEAM = 67K5GD3U3X;
				GENERATE_INFOPLIST_FILE = YES;
				INFOPLIST_FILE = BengaliDating/Info.plist;
				INFOPLIST_KEY_UIApplicationSupportsIndirectInputEvents = YES;
				INFOPLIST_KEY_UILaunchStoryboardName = LaunchScreen;
				INFOPLIST_KEY_UIMainStoryboardFile = Main;
				INFOPLIST_KEY_UISupportedInterfaceOrientations_iPad = "UIInterfaceOrientationPortrait UIInterfaceOrientationPortraitUpsideDown UIInterfaceOrientationLandscapeLeft UIInterfaceOrientationLandscapeRight";
				INFOPLIST_KEY_UISupportedInterfaceOrientations_iPhone = "UIInterfaceOrientationPortrait UIInterfaceOrientationLandscapeLeft UIInterfaceOrientationLandscapeRight";
				LD_RUNPATH_SEARCH_PATHS = (
					"$(inherited)",
					"@executable_path/Frameworks",
				);
				MARKETING_VERSION = 1.0;
				PRODUCT_BUNDLE_IDENTIFIER = com.arif.BengaliDating;
				PRODUCT_NAME = "$(TARGET_NAME)";
				SWIFT_EMIT_LOC_STRINGS = YES;
				SWIFT_VERSION = 5.0;
				TARGETED_DEVICE_FAMILY = "1,2";
			};
			name = Debug;
		};
		8036D5AC291FF853003B9666 /* Release */ = {
			isa = XCBuildConfiguration;
			buildSettings = {
				ASSETCATALOG_COMPILER_APPICON_NAME = AppIcon;
				ASSETCATALOG_COMPILER_GLOBAL_ACCENT_COLOR_NAME = AccentColor;
				CODE_SIGN_STYLE = Automatic;
				CURRENT_PROJECT_VERSION = 1;
				DEVELOPMENT_TEAM = 67K5GD3U3X;
				GENERATE_INFOPLIST_FILE = YES;
				INFOPLIST_FILE = BengaliDating/Info.plist;
				INFOPLIST_KEY_UIApplicationSupportsIndirectInputEvents = YES;
				INFOPLIST_KEY_UILaunchStoryboardName = LaunchScreen;
				INFOPLIST_KEY_UIMainStoryboardFile = Main;
				INFOPLIST_KEY_UISupportedInterfaceOrientations_iPad = "UIInterfaceOrientationPortrait UIInterfaceOrientationPortraitUpsideDown UIInterfaceOrientationLandscapeLeft UIInterfaceOrientationLandscapeRight";
				INFOPLIST_KEY_UISupportedInterfaceOrientations_iPhone = "UIInterfaceOrientationPortrait UIInterfaceOrientationLandscapeLeft UIInterfaceOrientationLandscapeRight";
				LD_RUNPATH_SEARCH_PATHS = (
					"$(inherited)",
					"@executable_path/Frameworks",
				);
				MARKETING_VERSION = 1.0;
				PRODUCT_BUNDLE_IDENTIFIER = com.arif.BengaliDating;
				PRODUCT_NAME = "$(TARGET_NAME)";
				SWIFT_EMIT_LOC_STRINGS = YES;
				SWIFT_VERSION = 5.0;
				TARGETED_DEVICE_FAMILY = "1,2";
			};
			name = Release;
		};
		8036D5AE291FF853003B9666 /* Debug */ = {
			isa = XCBuildConfiguration;
			buildSettings = {
				ALWAYS_EMBED_SWIFT_STANDARD_LIBRARIES = YES;
				BUNDLE_LOADER = "$(TEST_HOST)";
				CODE_SIGN_STYLE = Automatic;
				CURRENT_PROJECT_VERSION = 1;
				DEVELOPMENT_TEAM = 67K5GD3U3X;
				GENERATE_INFOPLIST_FILE = YES;
				IPHONEOS_DEPLOYMENT_TARGET = 16.1;
				MARKETING_VERSION = 1.0;
				PRODUCT_BUNDLE_IDENTIFIER = com.arif.BengaliDatingTests;
				PRODUCT_NAME = "$(TARGET_NAME)";
				SWIFT_EMIT_LOC_STRINGS = NO;
				SWIFT_VERSION = 5.0;
				TARGETED_DEVICE_FAMILY = "1,2";
				TEST_HOST = "$(BUILT_PRODUCTS_DIR)/BengaliDating.app/$(BUNDLE_EXECUTABLE_FOLDER_PATH)/BengaliDating";
			};
			name = Debug;
		};
		8036D5AF291FF853003B9666 /* Release */ = {
			isa = XCBuildConfiguration;
			buildSettings = {
				ALWAYS_EMBED_SWIFT_STANDARD_LIBRARIES = YES;
				BUNDLE_LOADER = "$(TEST_HOST)";
				CODE_SIGN_STYLE = Automatic;
				CURRENT_PROJECT_VERSION = 1;
				DEVELOPMENT_TEAM = 67K5GD3U3X;
				GENERATE_INFOPLIST_FILE = YES;
				IPHONEOS_DEPLOYMENT_TARGET = 16.1;
				MARKETING_VERSION = 1.0;
				PRODUCT_BUNDLE_IDENTIFIER = com.arif.BengaliDatingTests;
				PRODUCT_NAME = "$(TARGET_NAME)";
				SWIFT_EMIT_LOC_STRINGS = NO;
				SWIFT_VERSION = 5.0;
				TARGETED_DEVICE_FAMILY = "1,2";
				TEST_HOST = "$(BUILT_PRODUCTS_DIR)/BengaliDating.app/$(BUNDLE_EXECUTABLE_FOLDER_PATH)/BengaliDating";
			};
			name = Release;
		};
		8036D5B1291FF853003B9666 /* Debug */ = {
			isa = XCBuildConfiguration;
			buildSettings = {
				ALWAYS_EMBED_SWIFT_STANDARD_LIBRARIES = YES;
				CODE_SIGN_STYLE = Automatic;
				CURRENT_PROJECT_VERSION = 1;
				DEVELOPMENT_TEAM = 67K5GD3U3X;
				GENERATE_INFOPLIST_FILE = YES;
				MARKETING_VERSION = 1.0;
				PRODUCT_BUNDLE_IDENTIFIER = com.arif.BengaliDatingUITests;
				PRODUCT_NAME = "$(TARGET_NAME)";
				SWIFT_EMIT_LOC_STRINGS = NO;
				SWIFT_VERSION = 5.0;
				TARGETED_DEVICE_FAMILY = "1,2";
				TEST_TARGET_NAME = BengaliDating;
			};
			name = Debug;
		};
		8036D5B2291FF853003B9666 /* Release */ = {
			isa = XCBuildConfiguration;
			buildSettings = {
				ALWAYS_EMBED_SWIFT_STANDARD_LIBRARIES = YES;
				CODE_SIGN_STYLE = Automatic;
				CURRENT_PROJECT_VERSION = 1;
				DEVELOPMENT_TEAM = 67K5GD3U3X;
				GENERATE_INFOPLIST_FILE = YES;
				MARKETING_VERSION = 1.0;
				PRODUCT_BUNDLE_IDENTIFIER = com.arif.BengaliDatingUITests;
				PRODUCT_NAME = "$(TARGET_NAME)";
				SWIFT_EMIT_LOC_STRINGS = NO;
				SWIFT_VERSION = 5.0;
				TARGETED_DEVICE_FAMILY = "1,2";
				TEST_TARGET_NAME = BengaliDating;
			};
			name = Release;
		};
/* End XCBuildConfiguration section */

/* Begin XCConfigurationList section */
		8036D57B291FF851003B9666 /* Build configuration list for PBXProject "BengaliDating" */ = {
			isa = XCConfigurationList;
			buildConfigurations = (
				8036D5A8291FF853003B9666 /* Debug */,
				8036D5A9291FF853003B9666 /* Release */,
			);
			defaultConfigurationIsVisible = 0;
			defaultConfigurationName = Release;
		};
		8036D5AA291FF853003B9666 /* Build configuration list for PBXNativeTarget "BengaliDating" */ = {
			isa = XCConfigurationList;
			buildConfigurations = (
				8036D5AB291FF853003B9666 /* Debug */,
				8036D5AC291FF853003B9666 /* Release */,
			);
			defaultConfigurationIsVisible = 0;
			defaultConfigurationName = Release;
		};
		8036D5AD291FF853003B9666 /* Build configuration list for PBXNativeTarget "BengaliDatingTests" */ = {
			isa = XCConfigurationList;
			buildConfigurations = (
				8036D5AE291FF853003B9666 /* Debug */,
				8036D5AF291FF853003B9666 /* Release */,
			);
			defaultConfigurationIsVisible = 0;
			defaultConfigurationName = Release;
		};
		8036D5B0291FF853003B9666 /* Build configuration list for PBXNativeTarget "BengaliDatingUITests" */ = {
			isa = XCConfigurationList;
			buildConfigurations = (
				8036D5B1291FF853003B9666 /* Debug */,
				8036D5B2291FF853003B9666 /* Release */,
			);
			defaultConfigurationIsVisible = 0;
			defaultConfigurationName = Release;
		};
/* End XCConfigurationList section */
	};
	rootObject = 8036D578291FF851003B9666 /* Project object */;
}
